
Microsoft Visual Studio Solution File, Format Version 12.00
# Visual Studio Version 16
VisualStudioVersion = 16.0.29009.5
MinimumVisualStudioVersion = 10.0.40219.1
Project("{9A19103F-16F7-4668-BE54-9A1E7A4F7556}") = "OdeToFood", "OdeToFood\OdeToFood.csproj", "{04979BE8-231A-435A-BB63-99FBAEA26753}"
EndProject
Project("{FAE04EC0-301F-11D3-BF4B-00C04F79EFBC}") = "OdeToFood.Core", "OdeToFood.Core\OdeToFood.Core.csproj", "{7ED1EBCA-FE4F-4A28-84AC-D175BC1E2C2E}"
EndProject
Project("{FAE04EC0-301F-11D3-BF4B-00C04F79EFBC}") = "OdeToFood.Data", "OdeToFood.Data\OdeToFood.Data.csproj", "{7A9ADE52-7CD7-4530-845D-854452FF7426}"
EndProject
Global
	GlobalSection(SolutionConfigurationPlatforms) = preSolution
		Debug|Any CPU = Debug|Any CPU
		Release|Any CPU = Release|Any CPU
	EndGlobalSection
	GlobalSection(ProjectConfigurationPlatforms) = postSolution
		{04979BE8-231A-435A-BB63-99FBAEA26753}.Debug|Any CPU.ActiveCfg = Debug|Any CPU
		{04979BE8-231A-435A-BB63-99FBAEA26753}.Debug|Any CPU.Build.0 = Debug|Any CPU
		{04979BE8-231A-435A-BB63-99FBAEA26753}.Release|Any CPU.ActiveCfg = Release|Any CPU
		{04979BE8-231A-435A-BB63-99FBAEA26753}.Release|Any CPU.Build.0 = Release|Any CPU
		{7ED1EBCA-FE4F-4A28-84AC-D175BC1E2C2E}.Debug|Any CPU.ActiveCfg = Debug|Any CPU
		{7ED1EBCA-FE4F-4A28-84AC-D175BC1E2C2E}.Debug|Any CPU.Build.0 = Debug|Any CPU
		{7ED1EBCA-FE4F-4A28-84AC-D175BC1E2C2E}.Release|Any CPU.ActiveCfg = Release|Any CPU
		{7ED1EBCA-FE4F-4A28-84AC-D175BC1E2C2E}.Release|Any CPU.Build.0 = Release|Any CPU
		{7A9ADE52-7CD7-4530-845D-854452FF7426}.Debug|Any CPU.ActiveCfg = Debug|Any CPU
		{7A9ADE52-7CD7-4530-845D-854452FF7426}.Debug|Any CPU.Build.0 = Debug|Any CPU
		{7A9ADE52-7CD7-4530-845D-854452FF7426}.Release|Any CPU.ActiveCfg = Release|Any CPU
		{7A9ADE52-7CD7-4530-845D-854452FF7426}.Release|Any CPU.Build.0 = Release|Any CPU
	EndGlobalSection
	GlobalSection(SolutionProperties) = preSolution
		HideSolutionNode = FALSE
	EndGlobalSection
	GlobalSection(ExtensibilityGlobals) = postSolution
		SolutionGuid = {2E906E88-2081-4235-89D2-4325DEDA2C30}
	EndGlobalSection
EndGlobal
